
Microsoft Visual Studio Solution File, Format Version 12.00
# Visual Studio Version 16
VisualStudioVersion = 16.0.29326.143
MinimumVisualStudioVersion = 10.0.40219.1
Project("{9A19103F-16F7-4668-BE54-9A1E7A4F7556}") = "Test.SampleBatch", "Test.SampleBatch\Test.SampleBatch.csproj", "{0D82C398-FFEF-4005-8691-69080FA17007}"
EndProject
Project("{FAE04EC0-301F-11D3-BF4B-00C04F79EFBC}") = "SampleHeavyCalc", "SampleHeavyCalc\SampleHeavyCalc.csproj", "{4C8C156D-7A93-41D4-A7BC-B798DF24D1C0}"
EndProject
Project("{FAE04EC0-301F-11D3-BF4B-00C04F79EFBC}") = "SampleBatchApi", "SampleBatchApi\SampleBatchApi.csproj", "{13501701-B3DB-4725-8B1B-E7FE0DE17B58}"
EndProject
Project("{FAE04EC0-301F-11D3-BF4B-00C04F79EFBC}") = "SampleBatch.Interfaces", "SampleBatch.Interfaces\SampleBatch.Interfaces.csproj", "{6748171C-3E31-4C99-8D2B-0F293855883A}"
EndProject
Project("{FAE04EC0-301F-11D3-BF4B-00C04F79EFBC}") = "MsgBus.Azure", "MsgBus.Azure\MsgBus.Azure.csproj", "{164719FA-5C91-4AA8-AB44-A55C49B897EB}"
EndProject
Project("{FAE04EC0-301F-11D3-BF4B-00C04F79EFBC}") = "SampleBatcpApiClient", "SampleBatcpApiClient\SampleBatcpApiClient.csproj", "{050B4B2C-E0A8-4111-856E-1E3C32927DCA}"
EndProject
Project("{FAE04EC0-301F-11D3-BF4B-00C04F79EFBC}") = "SampleBatch.DTOs", "SampleBatch.DTOs\SampleBatch.DTOs.csproj", "{3E46831F-B939-474F-B725-DC42DB7EA7F6}"
EndProject
Project("{FAE04EC0-301F-11D3-BF4B-00C04F79EFBC}") = "TestCoreConsoleApp", "TestCoreConsoleApp\TestCoreConsoleApp.csproj", "{3D6D1394-4ABF-459B-9330-2F4EEBB46155}"
EndProject
Project("{FAE04EC0-301F-11D3-BF4B-00C04F79EFBC}") = "SampleBatch.DTOs.NETCore", "SampleBatch.DTOs.NETCore\SampleBatch.DTOs.NETCore.csproj", "{4774B7CB-00A4-47DE-8C7A-0B5C6CC788A1}"
EndProject
Project("{FAE04EC0-301F-11D3-BF4B-00C04F79EFBC}") = "SampleBatch.Interfaces.NETCore", "SampleBatch.Interfaces.NETCore\SampleBatch.Interfaces.NETCore.csproj", "{022433BE-F296-4E14-AC89-1F047D8513BD}"
EndProject
Project("{FAE04EC0-301F-11D3-BF4B-00C04F79EFBC}") = "MsgBus.Azure.NETCore", "MsgBus.Azure.NETCore\MsgBus.Azure.NETCore.csproj", "{4635F405-5FE7-4F0B-911B-63F2515E12A4}"
EndProject
Project("{2150E333-8FDC-42A3-9474-1A3956D46DE8}") = "NETCore", "NETCore", "{32982D64-957A-41AB-A161-3BEB4376021A}"
EndProject
Project("{FAE04EC0-301F-11D3-BF4B-00C04F79EFBC}") = "SampleBatchApi.NETCore", "SampleBatchApi.NETCore\SampleBatchApi.NETCore.csproj", "{27305620-47E0-4C06-A080-4CB6F1D6142A}"
EndProject
Global
	GlobalSection(SolutionConfigurationPlatforms) = preSolution
		Debug|Any CPU = Debug|Any CPU
		Release|Any CPU = Release|Any CPU
	EndGlobalSection
	GlobalSection(ProjectConfigurationPlatforms) = postSolution
		{0D82C398-FFEF-4005-8691-69080FA17007}.Debug|Any CPU.ActiveCfg = Debug|Any CPU
		{0D82C398-FFEF-4005-8691-69080FA17007}.Debug|Any CPU.Build.0 = Debug|Any CPU
		{0D82C398-FFEF-4005-8691-69080FA17007}.Release|Any CPU.ActiveCfg = Release|Any CPU
		{0D82C398-FFEF-4005-8691-69080FA17007}.Release|Any CPU.Build.0 = Release|Any CPU
		{4C8C156D-7A93-41D4-A7BC-B798DF24D1C0}.Debug|Any CPU.ActiveCfg = Debug|Any CPU
		{4C8C156D-7A93-41D4-A7BC-B798DF24D1C0}.Debug|Any CPU.Build.0 = Debug|Any CPU
		{4C8C156D-7A93-41D4-A7BC-B798DF24D1C0}.Release|Any CPU.ActiveCfg = Release|Any CPU
		{4C8C156D-7A93-41D4-A7BC-B798DF24D1C0}.Release|Any CPU.Build.0 = Release|Any CPU
		{13501701-B3DB-4725-8B1B-E7FE0DE17B58}.Debug|Any CPU.ActiveCfg = Debug|Any CPU
		{13501701-B3DB-4725-8B1B-E7FE0DE17B58}.Debug|Any CPU.Build.0 = Debug|Any CPU
		{13501701-B3DB-4725-8B1B-E7FE0DE17B58}.Release|Any CPU.ActiveCfg = Release|Any CPU
		{13501701-B3DB-4725-8B1B-E7FE0DE17B58}.Release|Any CPU.Build.0 = Release|Any CPU
		{6748171C-3E31-4C99-8D2B-0F293855883A}.Debug|Any CPU.ActiveCfg = Debug|Any CPU
		{6748171C-3E31-4C99-8D2B-0F293855883A}.Debug|Any CPU.Build.0 = Debug|Any CPU
		{6748171C-3E31-4C99-8D2B-0F293855883A}.Release|Any CPU.ActiveCfg = Release|Any CPU
		{6748171C-3E31-4C99-8D2B-0F293855883A}.Release|Any CPU.Build.0 = Release|Any CPU
		{164719FA-5C91-4AA8-AB44-A55C49B897EB}.Debug|Any CPU.ActiveCfg = Debug|Any CPU
		{164719FA-5C91-4AA8-AB44-A55C49B897EB}.Debug|Any CPU.Build.0 = Debug|Any CPU
		{164719FA-5C91-4AA8-AB44-A55C49B897EB}.Release|Any CPU.ActiveCfg = Release|Any CPU
		{164719FA-5C91-4AA8-AB44-A55C49B897EB}.Release|Any CPU.Build.0 = Release|Any CPU
		{050B4B2C-E0A8-4111-856E-1E3C32927DCA}.Debug|Any CPU.ActiveCfg = Debug|Any CPU
		{050B4B2C-E0A8-4111-856E-1E3C32927DCA}.Debug|Any CPU.Build.0 = Debug|Any CPU
		{050B4B2C-E0A8-4111-856E-1E3C32927DCA}.Release|Any CPU.ActiveCfg = Release|Any CPU
		{050B4B2C-E0A8-4111-856E-1E3C32927DCA}.Release|Any CPU.Build.0 = Release|Any CPU
		{3E46831F-B939-474F-B725-DC42DB7EA7F6}.Debug|Any CPU.ActiveCfg = Debug|Any CPU
		{3E46831F-B939-474F-B725-DC42DB7EA7F6}.Debug|Any CPU.Build.0 = Debug|Any CPU
		{3E46831F-B939-474F-B725-DC42DB7EA7F6}.Release|Any CPU.ActiveCfg = Release|Any CPU
		{3E46831F-B939-474F-B725-DC42DB7EA7F6}.Release|Any CPU.Build.0 = Release|Any CPU
		{3D6D1394-4ABF-459B-9330-2F4EEBB46155}.Debug|Any CPU.ActiveCfg = Debug|Any CPU
		{3D6D1394-4ABF-459B-9330-2F4EEBB46155}.Debug|Any CPU.Build.0 = Debug|Any CPU
		{3D6D1394-4ABF-459B-9330-2F4EEBB46155}.Release|Any CPU.ActiveCfg = Release|Any CPU
		{3D6D1394-4ABF-459B-9330-2F4EEBB46155}.Release|Any CPU.Build.0 = Release|Any CPU
		{4774B7CB-00A4-47DE-8C7A-0B5C6CC788A1}.Debug|Any CPU.ActiveCfg = Debug|Any CPU
		{4774B7CB-00A4-47DE-8C7A-0B5C6CC788A1}.Debug|Any CPU.Build.0 = Debug|Any CPU
		{4774B7CB-00A4-47DE-8C7A-0B5C6CC788A1}.Release|Any CPU.ActiveCfg = Release|Any CPU
		{4774B7CB-00A4-47DE-8C7A-0B5C6CC788A1}.Release|Any CPU.Build.0 = Release|Any CPU
		{022433BE-F296-4E14-AC89-1F047D8513BD}.Debug|Any CPU.ActiveCfg = Debug|Any CPU
		{022433BE-F296-4E14-AC89-1F047D8513BD}.Debug|Any CPU.Build.0 = Debug|Any CPU
		{022433BE-F296-4E14-AC89-1F047D8513BD}.Release|Any CPU.ActiveCfg = Release|Any CPU
		{022433BE-F296-4E14-AC89-1F047D8513BD}.Release|Any CPU.Build.0 = Release|Any CPU
		{4635F405-5FE7-4F0B-911B-63F2515E12A4}.Debug|Any CPU.ActiveCfg = Debug|Any CPU
		{4635F405-5FE7-4F0B-911B-63F2515E12A4}.Debug|Any CPU.Build.0 = Debug|Any CPU
		{4635F405-5FE7-4F0B-911B-63F2515E12A4}.Release|Any CPU.ActiveCfg = Release|Any CPU
		{4635F405-5FE7-4F0B-911B-63F2515E12A4}.Release|Any CPU.Build.0 = Release|Any CPU
		{27305620-47E0-4C06-A080-4CB6F1D6142A}.Debug|Any CPU.ActiveCfg = Debug|Any CPU
		{27305620-47E0-4C06-A080-4CB6F1D6142A}.Debug|Any CPU.Build.0 = Debug|Any CPU
		{27305620-47E0-4C06-A080-4CB6F1D6142A}.Release|Any CPU.ActiveCfg = Release|Any CPU
		{27305620-47E0-4C06-A080-4CB6F1D6142A}.Release|Any CPU.Build.0 = Release|Any CPU
	EndGlobalSection
	GlobalSection(SolutionProperties) = preSolution
		HideSolutionNode = FALSE
	EndGlobalSection
	GlobalSection(NestedProjects) = preSolution
		{4774B7CB-00A4-47DE-8C7A-0B5C6CC788A1} = {32982D64-957A-41AB-A161-3BEB4376021A}
		{022433BE-F296-4E14-AC89-1F047D8513BD} = {32982D64-957A-41AB-A161-3BEB4376021A}
		{4635F405-5FE7-4F0B-911B-63F2515E12A4} = {32982D64-957A-41AB-A161-3BEB4376021A}
		{27305620-47E0-4C06-A080-4CB6F1D6142A} = {32982D64-957A-41AB-A161-3BEB4376021A}
	EndGlobalSection
	GlobalSection(ExtensibilityGlobals) = postSolution
		SolutionGuid = {0C3961AF-6F62-44D3-87D3-B18F5C4BD648}
	EndGlobalSection
EndGlobal
